// !$*UTF8*$!
{
	archiveVersion = 1;
	classes = {
	};
	objectVersion = 50;
	objects = {

/* Begin PBXBuildFile section */
		EFF382542530EA5500757ED8 /* CryptoCurrencyApp.swift in Sources */ = {isa = PBXBuildFile; fileRef = EFF382532530EA5500757ED8 /* CryptoCurrencyApp.swift */; };
		EFF382562530EA5500757ED8 /* ContentView.swift in Sources */ = {isa = PBXBuildFile; fileRef = EFF382552530EA5500757ED8 /* ContentView.swift */; };
		EFF382582530EA5700757ED8 /* Assets.xcassets in Resources */ = {isa = PBXBuildFile; fileRef = EFF382572530EA5700757ED8 /* Assets.xcassets */; };
		EFF3825B2530EA5700757ED8 /* Preview Assets.xcassets in Resources */ = {isa = PBXBuildFile; fileRef = EFF3825A2530EA5700757ED8 /* Preview Assets.xcassets */; };
		EFF382662530EA5700757ED8 /* CryptoCurrencyTests.swift in Sources */ = {isa = PBXBuildFile; fileRef = EFF382652530EA5700757ED8 /* CryptoCurrencyTests.swift */; };
		EFF382712530EA5700757ED8 /* CryptoCurrencyUITests.swift in Sources */ = {isa = PBXBuildFile; fileRef = EFF382702530EA5700757ED8 /* CryptoCurrencyUITests.swift */; };
		EFF382822530EA7600757ED8 /* ButtonView.swift in Sources */ = {isa = PBXBuildFile; fileRef = EFF382812530EA7600757ED8 /* ButtonView.swift */; };
		EFF382872530EA8D00757ED8 /* CardView.swift in Sources */ = {isa = PBXBuildFile; fileRef = EFF382862530EA8D00757ED8 /* CardView.swift */; };
/* End PBXBuildFile section */

/* Begin PBXContainerItemProxy section */
		EFF382622530EA5700757ED8 /* PBXContainerItemProxy */ = {
			isa = PBXContainerItemProxy;
			containerPortal = EFF382482530EA5500757ED8 /* Project object */;
			proxyType = 1;
			remoteGlobalIDString = EFF3824F2530EA5500757ED8;
			remoteInfo = CryptoCurrency;
		};
		EFF3826D2530EA5700757ED8 /* PBXContainerItemProxy */ = {
			isa = PBXContainerItemProxy;
			containerPortal = EFF382482530EA5500757ED8 /* Project object */;
			proxyType = 1;
			remoteGlobalIDString = EFF3824F2530EA5500757ED8;
			remoteInfo = CryptoCurrency;
		};
/* End PBXContainerItemProxy section */

/* Begin PBXFileReference section */
		EFF382502530EA5500757ED8 /* CryptoCurrency.app */ = {isa = PBXFileReference; explicitFileType = wrapper.application; includeInIndex = 0; path = CryptoCurrency.app; sourceTree = BUILT_PRODUCTS_DIR; };
		EFF382532530EA5500757ED8 /* CryptoCurrencyApp.swift */ = {isa = PBXFileReference; lastKnownFileType = sourcecode.swift; path = CryptoCurrencyApp.swift; sourceTree = "<group>"; };
		EFF382552530EA5500757ED8 /* ContentView.swift */ = {isa = PBXFileReference; lastKnownFileType = sourcecode.swift; path = ContentView.swift; sourceTree = "<group>"; };
		EFF382572530EA5700757ED8 /* Assets.xcassets */ = {isa = PBXFileReference; lastKnownFileType = folder.assetcatalog; path = Assets.xcassets; sourceTree = "<group>"; };
		EFF3825A2530EA5700757ED8 /* Preview Assets.xcassets */ = {isa = PBXFileReference; lastKnownFileType = folder.assetcatalog; path = "Preview Assets.xcassets"; sourceTree = "<group>"; };
		EFF3825C2530EA5700757ED8 /* Info.plist */ = {isa = PBXFileReference; lastKnownFileType = text.plist.xml; path = Info.plist; sourceTree = "<group>"; };
		EFF382612530EA5700757ED8 /* CryptoCurrencyTests.xctest */ = {isa = PBXFileReference; explicitFileType = wrapper.cfbundle; includeInIndex = 0; path = CryptoCurrencyTests.xctest; sourceTree = BUILT_PRODUCTS_DIR; };
		EFF382652530EA5700757ED8 /* CryptoCurrencyTests.swift */ = {isa = PBXFileReference; lastKnownFileType = sourcecode.swift; path = CryptoCurrencyTests.swift; sourceTree = "<group>"; };
		EFF382672530EA5700757ED8 /* Info.plist */ = {isa = PBXFileReference; lastKnownFileType = text.plist.xml; path = Info.plist; sourceTree = "<group>"; };
		EFF3826C2530EA5700757ED8 /* CryptoCurrencyUITests.xctest */ = {isa = PBXFileReference; explicitFileType = wrapper.cfbundle; includeInIndex = 0; path = CryptoCurrencyUITests.xctest; sourceTree = BUILT_PRODUCTS_DIR; };
		EFF382702530EA5700757ED8 /* CryptoCurrencyUITests.swift */ = {isa = PBXFileReference; lastKnownFileType = sourcecode.swift; path = CryptoCurrencyUITests.swift; sourceTree = "<group>"; };
		EFF382722530EA5700757ED8 /* Info.plist */ = {isa = PBXFileReference; lastKnownFileType = text.plist.xml; path = Info.plist; sourceTree = "<group>"; };
		EFF382812530EA7600757ED8 /* ButtonView.swift */ = {isa = PBXFileReference; lastKnownFileType = sourcecode.swift; path = ButtonView.swift; sourceTree = "<group>"; };
		EFF382862530EA8D00757ED8 /* CardView.swift */ = {isa = PBXFileReference; lastKnownFileType = sourcecode.swift; path = CardView.swift; sourceTree = "<group>"; };
/* End PBXFileReference section */

/* Begin PBXFrameworksBuildPhase section */
		EFF3824D2530EA5500757ED8 /* Frameworks */ = {
			isa = PBXFrameworksBuildPhase;
			buildActionMask = 2147483647;
			files = (
			);
			runOnlyForDeploymentPostprocessing = 0;
		};
		EFF3825E2530EA5700757ED8 /* Frameworks */ = {
			isa = PBXFrameworksBuildPhase;
			buildActionMask = 2147483647;
			files = (
			);
			runOnlyForDeploymentPostprocessing = 0;
		};
		EFF382692530EA5700757ED8 /* Frameworks */ = {
			isa = PBXFrameworksBuildPhase;
			buildActionMask = 2147483647;
			files = (
			);
			runOnlyForDeploymentPostprocessing = 0;
		};
/* End PBXFrameworksBuildPhase section */

/* Begin PBXGroup section */
		EFF382472530EA5500757ED8 = {
			isa = PBXGroup;
			children = (
				EFF382522530EA5500757ED8 /* CryptoCurrency */,
				EFF382642530EA5700757ED8 /* CryptoCurrencyTests */,
				EFF3826F2530EA5700757ED8 /* CryptoCurrencyUITests */,
				EFF382512530EA5500757ED8 /* Products */,
			);
			sourceTree = "<group>";
		};
		EFF382512530EA5500757ED8 /* Products */ = {
			isa = PBXGroup;
			children = (
				EFF382502530EA5500757ED8 /* CryptoCurrency.app */,
				EFF382612530EA5700757ED8 /* CryptoCurrencyTests.xctest */,
				EFF3826C2530EA5700757ED8 /* CryptoCurrencyUITests.xctest */,
			);
			name = Products;
			sourceTree = "<group>";
		};
		EFF382522530EA5500757ED8 /* CryptoCurrency */ = {
			isa = PBXGroup;
			children = (
				EFF382532530EA5500757ED8 /* CryptoCurrencyApp.swift */,
				EFF382552530EA5500757ED8 /* ContentView.swift */,
				EFF382812530EA7600757ED8 /* ButtonView.swift */,
				EFF382862530EA8D00757ED8 /* CardView.swift */,
				EFF382572530EA5700757ED8 /* Assets.xcassets */,
				EFF3825C2530EA5700757ED8 /* Info.plist */,
				EFF382592530EA5700757ED8 /* Preview Content */,
			);
			path = CryptoCurrency;
			sourceTree = "<group>";
		};
		EFF382592530EA5700757ED8 /* Preview Content */ = {
			isa = PBXGroup;
			children = (
				EFF3825A2530EA5700757ED8 /* Preview Assets.xcassets */,
			);
			path = "Preview Content";
			sourceTree = "<group>";
		};
		EFF382642530EA5700757ED8 /* CryptoCurrencyTests */ = {
			isa = PBXGroup;
			children = (
				EFF382652530EA5700757ED8 /* CryptoCurrencyTests.swift */,
				EFF382672530EA5700757ED8 /* Info.plist */,
			);
			path = CryptoCurrencyTests;
			sourceTree = "<group>";
		};
		EFF3826F2530EA5700757ED8 /* CryptoCurrencyUITests */ = {
			isa = PBXGroup;
			children = (
				EFF382702530EA5700757ED8 /* CryptoCurrencyUITests.swift */,
				EFF382722530EA5700757ED8 /* Info.plist */,
			);
			path = CryptoCurrencyUITests;
			sourceTree = "<group>";
		};
/* End PBXGroup section */

/* Begin PBXNativeTarget section */
		EFF3824F2530EA5500757ED8 /* CryptoCurrency */ = {
			isa = PBXNativeTarget;
			buildConfigurationList = EFF382752530EA5700757ED8 /* Build configuration list for PBXNativeTarget "CryptoCurrency" */;
			buildPhases = (
				EFF3824C2530EA5500757ED8 /* Sources */,
				EFF3824D2530EA5500757ED8 /* Frameworks */,
				EFF3824E2530EA5500757ED8 /* Resources */,
			);
			buildRules = (
			);
			dependencies = (
			);
			name = CryptoCurrency;
			productName = CryptoCurrency;
			productReference = EFF382502530EA5500757ED8 /* CryptoCurrency.app */;
			productType = "com.apple.product-type.application";
		};
		EFF382602530EA5700757ED8 /* CryptoCurrencyTests */ = {
			isa = PBXNativeTarget;
			buildConfigurationList = EFF382782530EA5700757ED8 /* Build configuration list for PBXNativeTarget "CryptoCurrencyTests" */;
			buildPhases = (
				EFF3825D2530EA5700757ED8 /* Sources */,
				EFF3825E2530EA5700757ED8 /* Frameworks */,
				EFF3825F2530EA5700757ED8 /* Resources */,
			);
			buildRules = (
			);
			dependencies = (
				EFF382632530EA5700757ED8 /* PBXTargetDependency */,
			);
			name = CryptoCurrencyTests;
			productName = CryptoCurrencyTests;
			productReference = EFF382612530EA5700757ED8 /* CryptoCurrencyTests.xctest */;
			productType = "com.apple.product-type.bundle.unit-test";
		};
		EFF3826B2530EA5700757ED8 /* CryptoCurrencyUITests */ = {
			isa = PBXNativeTarget;
			buildConfigurationList = EFF3827B2530EA5700757ED8 /* Build configuration list for PBXNativeTarget "CryptoCurrencyUITests" */;
			buildPhases = (
				EFF382682530EA5700757ED8 /* Sources */,
				EFF382692530EA5700757ED8 /* Frameworks */,
				EFF3826A2530EA5700757ED8 /* Resources */,
			);
			buildRules = (
			);
			dependencies = (
				EFF3826E2530EA5700757ED8 /* PBXTargetDependency */,
			);
			name = CryptoCurrencyUITests;
			productName = CryptoCurrencyUITests;
			productReference = EFF3826C2530EA5700757ED8 /* CryptoCurrencyUITests.xctest */;
			productType = "com.apple.product-type.bundle.ui-testing";
		};
/* End PBXNativeTarget section */

/* Begin PBXProject section */
		EFF382482530EA5500757ED8 /* Project object */ = {
			isa = PBXProject;
			attributes = {
				LastSwiftUpdateCheck = 1200;
				LastUpgradeCheck = 1200;
				TargetAttributes = {
					EFF3824F2530EA5500757ED8 = {
						CreatedOnToolsVersion = 12.0.1;
					};
					EFF382602530EA5700757ED8 = {
						CreatedOnToolsVersion = 12.0.1;
						TestTargetID = EFF3824F2530EA5500757ED8;
					};
					EFF3826B2530EA5700757ED8 = {
						CreatedOnToolsVersion = 12.0.1;
						TestTargetID = EFF3824F2530EA5500757ED8;
					};
				};
			};
			buildConfigurationList = EFF3824B2530EA5500757ED8 /* Build configuration list for PBXProject "CryptoCurrency" */;
			compatibilityVersion = "Xcode 9.3";
			developmentRegion = en;
			hasScannedForEncodings = 0;
			knownRegions = (
				en,
				Base,
			);
			mainGroup = EFF382472530EA5500757ED8;
			productRefGroup = EFF382512530EA5500757ED8 /* Products */;
			projectDirPath = "";
			projectRoot = "";
			targets = (
				EFF3824F2530EA5500757ED8 /* CryptoCurrency */,
				EFF382602530EA5700757ED8 /* CryptoCurrencyTests */,
				EFF3826B2530EA5700757ED8 /* CryptoCurrencyUITests */,
			);
		};
/* End PBXProject section */

/* Begin PBXResourcesBuildPhase section */
		EFF3824E2530EA5500757ED8 /* Resources */ = {
			isa = PBXResourcesBuildPhase;
			buildActionMask = 2147483647;
			files = (
				EFF3825B2530EA5700757ED8 /* Preview Assets.xcassets in Resources */,
				EFF382582530EA5700757ED8 /* Assets.xcassets in Resources */,
			);
			runOnlyForDeploymentPostprocessing = 0;
		};
		EFF3825F2530EA5700757ED8 /* Resources */ = {
			isa = PBXResourcesBuildPhase;
			buildActionMask = 2147483647;
			files = (
			);
			runOnlyForDeploymentPostprocessing = 0;
		};
		EFF3826A2530EA5700757ED8 /* Resources */ = {
			isa = PBXResourcesBuildPhase;
			buildActionMask = 2147483647;
			files = (
			);
			runOnlyForDeploymentPostprocessing = 0;
		};
/* End PBXResourcesBuildPhase section */

/* Begin PBXSourcesBuildPhase section */
		EFF3824C2530EA5500757ED8 /* Sources */ = {
			isa = PBXSourcesBuildPhase;
			buildActionMask = 2147483647;
			files = (
				EFF382562530EA5500757ED8 /* ContentView.swift in Sources */,
				EFF382542530EA5500757ED8 /* CryptoCurrencyApp.swift in Sources */,
				EFF382872530EA8D00757ED8 /* CardView.swift in Sources */,
				EFF382822530EA7600757ED8 /* ButtonView.swift in Sources */,
			);
			runOnlyForDeploymentPostprocessing = 0;
		};
		EFF3825D2530EA5700757ED8 /* Sources */ = {
			isa = PBXSourcesBuildPhase;
			buildActionMask = 2147483647;
			files = (
				EFF382662530EA5700757ED8 /* CryptoCurrencyTests.swift in Sources */,
			);
			runOnlyForDeploymentPostprocessing = 0;
		};
		EFF382682530EA5700757ED8 /* Sources */ = {
			isa = PBXSourcesBuildPhase;
			buildActionMask = 2147483647;
			files = (
				EFF382712530EA5700757ED8 /* CryptoCurrencyUITests.swift in Sources */,
			);
			runOnlyForDeploymentPostprocessing = 0;
		};
/* End PBXSourcesBuildPhase section */

/* Begin PBXTargetDependency section */
		EFF382632530EA5700757ED8 /* PBXTargetDependency */ = {
			isa = PBXTargetDependency;
			target = EFF3824F2530EA5500757ED8 /* CryptoCurrency */;
			targetProxy = EFF382622530EA5700757ED8 /* PBXContainerItemProxy */;
		};
		EFF3826E2530EA5700757ED8 /* PBXTargetDependency */ = {
			isa = PBXTargetDependency;
			target = EFF3824F2530EA5500757ED8 /* CryptoCurrency */;
			targetProxy = EFF3826D2530EA5700757ED8 /* PBXContainerItemProxy */;
		};
/* End PBXTargetDependency section */

/* Begin XCBuildConfiguration section */
		EFF382732530EA5700757ED8 /* Debug */ = {
			isa = XCBuildConfiguration;
			buildSettings = {
				ALWAYS_SEARCH_USER_PATHS = NO;
				CLANG_ANALYZER_NONNULL = YES;
				CLANG_ANALYZER_NUMBER_OBJECT_CONVERSION = YES_AGGRESSIVE;
				CLANG_CXX_LANGUAGE_STANDARD = "gnu++14";
				CLANG_CXX_LIBRARY = "libc++";
				CLANG_ENABLE_MODULES = YES;
				CLANG_ENABLE_OBJC_ARC = YES;
				CLANG_ENABLE_OBJC_WEAK = YES;
				CLANG_WARN_BLOCK_CAPTURE_AUTORELEASING = YES;
				CLANG_WARN_BOOL_CONVERSION = YES;
				CLANG_WARN_COMMA = YES;
				CLANG_WARN_CONSTANT_CONVERSION = YES;
				CLANG_WARN_DEPRECATED_OBJC_IMPLEMENTATIONS = YES;
				CLANG_WARN_DIRECT_OBJC_ISA_USAGE = YES_ERROR;
				CLANG_WARN_DOCUMENTATION_COMMENTS = YES;
				CLANG_WARN_EMPTY_BODY = YES;
				CLANG_WARN_ENUM_CONVERSION = YES;
				CLANG_WARN_INFINITE_RECURSION = YES;
				CLANG_WARN_INT_CONVERSION = YES;
				CLANG_WARN_NON_LITERAL_NULL_CONVERSION = YES;
				CLANG_WARN_OBJC_IMPLICIT_RETAIN_SELF = YES;
				CLANG_WARN_OBJC_LITERAL_CONVERSION = YES;
				CLANG_WARN_OBJC_ROOT_CLASS = YES_ERROR;
				CLANG_WARN_QUOTED_INCLUDE_IN_FRAMEWORK_HEADER = YES;
				CLANG_WARN_RANGE_LOOP_ANALYSIS = YES;
				CLANG_WARN_STRICT_PROTOTYPES = YES;
				CLANG_WARN_SUSPICIOUS_MOVE = YES;
				CLANG_WARN_UNGUARDED_AVAILABILITY = YES_AGGRESSIVE;
				CLANG_WARN_UNREACHABLE_CODE = YES;
				CLANG_WARN__DUPLICATE_METHOD_MATCH = YES;
				COPY_PHASE_STRIP = NO;
				DEBUG_INFORMATION_FORMAT = dwarf;
				ENABLE_STRICT_OBJC_MSGSEND = YES;
				ENABLE_TESTABILITY = YES;
				GCC_C_LANGUAGE_STANDARD = gnu11;
				GCC_DYNAMIC_NO_PIC = NO;
				GCC_NO_COMMON_BLOCKS = YES;
				GCC_OPTIMIZATION_LEVEL = 0;
				GCC_PREPROCESSOR_DEFINITIONS = (
					"DEBUG=1",
					"$(inherited)",
				);
				GCC_WARN_64_TO_32_BIT_CONVERSION = YES;
				GCC_WARN_ABOUT_RETURN_TYPE = YES_ERROR;
				GCC_WARN_UNDECLARED_SELECTOR = YES;
				GCC_WARN_UNINITIALIZED_AUTOS = YES_AGGRESSIVE;
				GCC_WARN_UNUSED_FUNCTION = YES;
				GCC_WARN_UNUSED_VARIABLE = YES;
				IPHONEOS_DEPLOYMENT_TARGET = 14.0;
				MTL_ENABLE_DEBUG_INFO = INCLUDE_SOURCE;
				MTL_FAST_MATH = YES;
				ONLY_ACTIVE_ARCH = YES;
				SDKROOT = iphoneos;
				SWIFT_ACTIVE_COMPILATION_CONDITIONS = DEBUG;
				SWIFT_OPTIMIZATION_LEVEL = "-Onone";
			};
			name = Debug;
		};
		EFF382742530EA5700757ED8 /* Release */ = {
			isa = XCBuildConfiguration;
			buildSettings = {
				ALWAYS_SEARCH_USER_PATHS = NO;
				CLANG_ANALYZER_NONNULL = YES;
				CLANG_ANALYZER_NUMBER_OBJECT_CONVERSION = YES_AGGRESSIVE;
				CLANG_CXX_LANGUAGE_STANDARD = "gnu++14";
				CLANG_CXX_LIBRARY = "libc++";
				CLANG_ENABLE_MODULES = YES;
				CLANG_ENABLE_OBJC_ARC = YES;
				CLANG_ENABLE_OBJC_WEAK = YES;
				CLANG_WARN_BLOCK_CAPTURE_AUTORELEASING = YES;
				CLANG_WARN_BOOL_CONVERSION = YES;
				CLANG_WARN_COMMA = YES;
				CLANG_WARN_CONSTANT_CONVERSION = YES;
				CLANG_WARN_DEPRECATED_OBJC_IMPLEMENTATIONS = YES;
				CLANG_WARN_DIRECT_OBJC_ISA_USAGE = YES_ERROR;
				CLANG_WARN_DOCUMENTATION_COMMENTS = YES;
				CLANG_WARN_EMPTY_BODY = YES;
				CLANG_WARN_ENUM_CONVERSION = YES;
				CLANG_WARN_INFINITE_RECURSION = YES;
				CLANG_WARN_INT_CONVERSION = YES;
				CLANG_WARN_NON_LITERAL_NULL_CONVERSION = YES;
				CLANG_WARN_OBJC_IMPLICIT_RETAIN_SELF = YES;
				CLANG_WARN_OBJC_LITERAL_CONVERSION = YES;
				CLANG_WARN_OBJC_ROOT_CLASS = YES_ERROR;
				CLANG_WARN_QUOTED_INCLUDE_IN_FRAMEWORK_HEADER = YES;
				CLANG_WARN_RANGE_LOOP_ANALYSIS = YES;
				CLANG_WARN_STRICT_PROTOTYPES = YES;
				CLANG_WARN_SUSPICIOUS_MOVE = YES;
				CLANG_WARN_UNGUARDED_AVAILABILITY = YES_AGGRESSIVE;
				CLANG_WARN_UNREACHABLE_CODE = YES;
				CLANG_WARN__DUPLICATE_METHOD_MATCH = YES;
				COPY_PHASE_STRIP = NO;
				DEBUG_INFORMATION_FORMAT = "dwarf-with-dsym";
				ENABLE_NS_ASSERTIONS = NO;
				ENABLE_STRICT_OBJC_MSGSEND = YES;
				GCC_C_LANGUAGE_STANDARD = gnu11;
				GCC_NO_COMMON_BLOCKS = YES;
				GCC_WARN_64_TO_32_BIT_CONVERSION = YES;
				GCC_WARN_ABOUT_RETURN_TYPE = YES_ERROR;
				GCC_WARN_UNDECLARED_SELECTOR = YES;
				GCC_WARN_UNINITIALIZED_AUTOS = YES_AGGRESSIVE;
				GCC_WARN_UNUSED_FUNCTION = YES;
				GCC_WARN_UNUSED_VARIABLE = YES;
				IPHONEOS_DEPLOYMENT_TARGET = 14.0;
				MTL_ENABLE_DEBUG_INFO = NO;
				MTL_FAST_MATH = YES;
				SDKROOT = iphoneos;
				SWIFT_COMPILATION_MODE = wholemodule;
				SWIFT_OPTIMIZATION_LEVEL = "-O";
				VALIDATE_PRODUCT = YES;
			};
			name = Release;
		};
		EFF382762530EA5700757ED8 /* Debug */ = {
			isa = XCBuildConfiguration;
			buildSettings = {
				ASSETCATALOG_COMPILER_APPICON_NAME = AppIcon;
				ASSETCATALOG_COMPILER_GLOBAL_ACCENT_COLOR_NAME = AccentColor;
				CODE_SIGN_STYLE = Automatic;
				DEVELOPMENT_ASSET_PATHS = "\"CryptoCurrency/Preview Content\"";
				DEVELOPMENT_TEAM = Q5MMV3HZA8;
				ENABLE_PREVIEWS = YES;
				INFOPLIST_FILE = CryptoCurrency/Info.plist;
				IPHONEOS_DEPLOYMENT_TARGET = 14.0;
				LD_RUNPATH_SEARCH_PATHS = (
					"$(inherited)",
					"@executable_path/Frameworks",
				);
				PRODUCT_BUNDLE_IDENTIFIER = com.mackenzie;
				PRODUCT_NAME = "$(TARGET_NAME)";
				SWIFT_VERSION = 5.0;
				TARGETED_DEVICE_FAMILY = "1,2";
			};
			name = Debug;
		};
		EFF382772530EA5700757ED8 /* Release */ = {
			isa = XCBuildConfiguration;
			buildSettings = {
				ASSETCATALOG_COMPILER_APPICON_NAME = AppIcon;
				ASSETCATALOG_COMPILER_GLOBAL_ACCENT_COLOR_NAME = AccentColor;
				CODE_SIGN_STYLE = Automatic;
				DEVELOPMENT_ASSET_PATHS = "\"CryptoCurrency/Preview Content\"";
				DEVELOPMENT_TEAM = Q5MMV3HZA8;
				ENABLE_PREVIEWS = YES;
				INFOPLIST_FILE = CryptoCurrency/Info.plist;
				IPHONEOS_DEPLOYMENT_TARGET = 14.0;
				LD_RUNPATH_SEARCH_PATHS = (
					"$(inherited)",
					"@executable_path/Frameworks",
				);
				PRODUCT_BUNDLE_IDENTIFIER = com.mackenzie;
				PRODUCT_NAME = "$(TARGET_NAME)";
				SWIFT_VERSION = 5.0;
				TARGETED_DEVICE_FAMILY = "1,2";
			};
			name = Release;
		};
		EFF382792530EA5700757ED8 /* Debug */ = {
			isa = XCBuildConfiguration;
			buildSettings = {
				ALWAYS_EMBED_SWIFT_STANDARD_LIBRARIES = YES;
				BUNDLE_LOADER = "$(TEST_HOST)";
				CODE_SIGN_STYLE = Automatic;
				DEVELOPMENT_TEAM = Q5MMV3HZA8;
				INFOPLIST_FILE = CryptoCurrencyTests/Info.plist;
				IPHONEOS_DEPLOYMENT_TARGET = 14.0;
				LD_RUNPATH_SEARCH_PATHS = (
					"$(inherited)",
					"@executable_path/Frameworks",
					"@loader_path/Frameworks",
				);
				PRODUCT_BUNDLE_IDENTIFIER = com.mackenzie.CryptoCurrencyTests;
				PRODUCT_NAME = "$(TARGET_NAME)";
				SWIFT_VERSION = 5.0;
				TARGETED_DEVICE_FAMILY = "1,2";
				TEST_HOST = "$(BUILT_PRODUCTS_DIR)/CryptoCurrency.app/CryptoCurrency";
			};
			name = Debug;
		};
		EFF3827A2530EA5700757ED8 /* Release */ = {
			isa = XCBuildConfiguration;
			buildSettings = {
				ALWAYS_EMBED_SWIFT_STANDARD_LIBRARIES = YES;
				BUNDLE_LOADER = "$(TEST_HOST)";
				CODE_SIGN_STYLE = Automatic;
				DEVELOPMENT_TEAM = Q5MMV3HZA8;
				INFOPLIST_FILE = CryptoCurrencyTests/Info.plist;
				IPHONEOS_DEPLOYMENT_TARGET = 14.0;
				LD_RUNPATH_SEARCH_PATHS = (
					"$(inherited)",
					"@executable_path/Frameworks",
					"@loader_path/Frameworks",
				);
				PRODUCT_BUNDLE_IDENTIFIER = com.mackenzie.CryptoCurrencyTests;
				PRODUCT_NAME = "$(TARGET_NAME)";
				SWIFT_VERSION = 5.0;
				TARGETED_DEVICE_FAMILY = "1,2";
				TEST_HOST = "$(BUILT_PRODUCTS_DIR)/CryptoCurrency.app/CryptoCurrency";
			};
			name = Release;
		};
		EFF3827C2530EA5700757ED8 /* Debug */ = {
			isa = XCBuildConfiguration;
			buildSettings = {
				ALWAYS_EMBED_SWIFT_STANDARD_LIBRARIES = YES;
				CODE_SIGN_STYLE = Automatic;
				DEVELOPMENT_TEAM = Q5MMV3HZA8;
				INFOPLIST_FILE = CryptoCurrencyUITests/Info.plist;
				LD_RUNPATH_SEARCH_PATHS = (
					"$(inherited)",
					"@executable_path/Frameworks",
					"@loader_path/Frameworks",
				);
				PRODUCT_BUNDLE_IDENTIFIER = com.mackenzie.CryptoCurrencyUITests;
				PRODUCT_NAME = "$(TARGET_NAME)";
				SWIFT_VERSION = 5.0;
				TARGETED_DEVICE_FAMILY = "1,2";
				TEST_TARGET_NAME = CryptoCurrency;
			};
			name = Debug;
		};
		EFF3827D2530EA5700757ED8 /* Release */ = {
			isa = XCBuildConfiguration;
			buildSettings = {
				ALWAYS_EMBED_SWIFT_STANDARD_LIBRARIES = YES;
				CODE_SIGN_STYLE = Automatic;
				DEVELOPMENT_TEAM = Q5MMV3HZA8;
				INFOPLIST_FILE = CryptoCurrencyUITests/Info.plist;
				LD_RUNPATH_SEARCH_PATHS = (
					"$(inherited)",
					"@executable_path/Frameworks",
					"@loader_path/Frameworks",
				);
				PRODUCT_BUNDLE_IDENTIFIER = com.mackenzie.CryptoCurrencyUITests;
				PRODUCT_NAME = "$(TARGET_NAME)";
				SWIFT_VERSION = 5.0;
				TARGETED_DEVICE_FAMILY = "1,2";
				TEST_TARGET_NAME = CryptoCurrency;
			};
			name = Release;
		};
/* End XCBuildConfiguration section */

/* Begin XCConfigurationList section */
		EFF3824B2530EA5500757ED8 /* Build configuration list for PBXProject "CryptoCurrency" */ = {
			isa = XCConfigurationList;
			buildConfigurations = (
				EFF382732530EA5700757ED8 /* Debug */,
				EFF382742530EA5700757ED8 /* Release */,
			);
			defaultConfigurationIsVisible = 0;
			defaultConfigurationName = Release;
		};
		EFF382752530EA5700757ED8 /* Build configuration list for PBXNativeTarget "CryptoCurrency" */ = {
			isa = XCConfigurationList;
			buildConfigurations = (
				EFF382762530EA5700757ED8 /* Debug */,
				EFF382772530EA5700757ED8 /* Release */,
			);
			defaultConfigurationIsVisible = 0;
			defaultConfigurationName = Release;
		};
		EFF382782530EA5700757ED8 /* Build configuration list for PBXNativeTarget "CryptoCurrencyTests" */ = {
			isa = XCConfigurationList;
			buildConfigurations = (
				EFF382792530EA5700757ED8 /* Debug */,
				EFF3827A2530EA5700757ED8 /* Release */,
			);
			defaultConfigurationIsVisible = 0;
			defaultConfigurationName = Release;
		};
		EFF3827B2530EA5700757ED8 /* Build configuration list for PBXNativeTarget "CryptoCurrencyUITests" */ = {
			isa = XCConfigurationList;
			buildConfigurations = (
				EFF3827C2530EA5700757ED8 /* Debug */,
				EFF3827D2530EA5700757ED8 /* Release */,
			);
			defaultConfigurationIsVisible = 0;
			defaultConfigurationName = Release;
		};
/* End XCConfigurationList section */
	};
	rootObject = EFF382482530EA5500757ED8 /* Project object */;
}
